version = 1
tool = "anvil"
tool_version = "0.3.0"
catalog_checksum = "sha256:2581159069097262bca7ec3226e13bb205c782e83bce7c7e900a0fd3ac4d5bff"

[[file]]
path = ".github/actions/anvil-impact/action.yml"
checksum = "sha256:5da38e216250665d614044ac86aa37950e6843cdb080239e80a0c93e1a8f4eca"

[[file]]
path = ".github/actions/anvil-pr-fast/action.yml"
checksum = "sha256:d07be281ca1cac9eabf8238f74d75074890429ba851bf4d818b53c63fba336b5"

[[file]]
path = ".github/actions/anvil-pr-mutants/action.yml"
checksum = "sha256:6a932e6b1776193e61f48bfd1b9dd4faea0cf1839a0dd5f290134207407e394a"

[[file]]
path = ".github/actions/anvil-pr-runtime-analysis/action.yml"
checksum = "sha256:55b6ed075f533c60bfa6a76ee5281a1f588ca69d0c9e00a6195ee76b96a70bac"

[[file]]
path = ".github/actions/anvil-pr-test/action.yml"
checksum = "sha256:89621d148974ddc0b983b9a7466e4454e185dfcd5293f9fe72aee1abe3ae7c37"

[[file]]
path = ".github/actions/anvil-scheduled-advisories/action.yml"
checksum = "sha256:28ca64a7a2d0a574228df90dc469b5e84d46b2eb344b7cc2251e0b4bbdbdbbb1"

[[file]]
path = ".github/actions/anvil-scheduled-exhaustive/action.yml"
checksum = "sha256:9cd4c8199b5348af34e5e37fac32a01df960ae890e21d4dd4dfd7bbebef46efe"

[[file]]
path = ".github/actions/anvil-scheduled-runtime-analysis/action.yml"
checksum = "sha256:439a7d30e263c574e89194c155f4f0e7f424a9e8e3109a3c8d8da43353050bf7"

[[file]]
path = ".github/actions/anvil-scheduled-test/action.yml"
checksum = "sha256:063fe639c3e13c92a2dea94e55c0f0ac2c8f9716e1dc2e748419760ca0c0d52f"

[[file]]
path = ".github/actions/anvil-setup/action.yml"
checksum = "sha256:309b78f0de360ba9361e694024c79943099b9b614e267ced6250d972f30271ec"

[[file]]
path = ".github/workflows/anvil-pr-impl.yml"
checksum = "sha256:cd8473dd79bd9154ef359ab1bc6b26370a40e83e9d2dc6b89f7cf92967d23b54"

[[file]]
path = ".github/workflows/anvil-pr.yml"
checksum = "sha256:cace8cf38c1ce2dc85d054c39a14de67d100b9bb10c1a3ec8c70ad5bcad32d41"

[[file]]
path = ".github/workflows/anvil-scheduled-impl.yml"
checksum = "sha256:746b00e97e72c2bbad49212e089c48aa706315b2455420c4d739ce783787d03c"

[[file]]
path = ".github/workflows/anvil-scheduled.yml"
checksum = "sha256:b5e0a82b87adcd3be7b4522716af733a3746c3d24def2aa97c422f916cbe0c37"

[[file]]
path = "justfiles/anvil/checks/aprz.just"
checksum = "sha256:9823027a0379b45d8be7ee2e822d4de39590159a2b196456caefdbb70c5008be"

[[file]]
path = "justfiles/anvil/checks/audit.just"
checksum = "sha256:c5735ada01381c6f6524178d42cbd500d7adfbefd4b9da8f82ab354280e5de2e"

[[file]]
path = "justfiles/anvil/checks/bench.just"
checksum = "sha256:7b508f938ed85f630fef5fb73b8dce21e4163cf290a4629515158d03f50bc4d8"

[[file]]
path = "justfiles/anvil/checks/bolero.just"
checksum = "sha256:1c6c50cf0d6a3b8814ac573e5b83282757455a76325f87d6a113eb4bb2a225f9"

[[file]]
path = "justfiles/anvil/checks/careful.just"
checksum = "sha256:1dc1bdf4486285e75d3ef2735738960a7ab002f2690ae77e8df776072eac28e3"

[[file]]
path = "justfiles/anvil/checks/cargo-hack.just"
checksum = "sha256:a7f03615fd854b0476009aace2689cf768868d2868c7109592a019432ea56541"

[[file]]
path = "justfiles/anvil/checks/cargo-sort.just"
checksum = "sha256:93626ac4c89e8eba1ec6b32dc09aac00e2dc68f51bad15e578371ef17fce7c6c"

[[file]]
path = "justfiles/anvil/checks/clippy.just"
checksum = "sha256:919f1fc922649ba20c4a984e33f030124d56befc061e19cf3642dd893e937915"

[[file]]
path = "justfiles/anvil/checks/deny.just"
checksum = "sha256:626e75d506d3b327db177ce6165bc76b8f0bf92d2918ffc1ff09e3ca574a8a84"

[[file]]
path = "justfiles/anvil/checks/doc-build.just"
checksum = "sha256:704d1c4a75044ca30c02fc1de3eb4641f043908c6ad75023094f6bf826ec3983"

[[file]]
path = "justfiles/anvil/checks/doc-test.just"
checksum = "sha256:73cf96f88f8fd57c6335fc8999ee05eec72b1a403f2a647dd015167307aefe75"

[[file]]
path = "justfiles/anvil/checks/ensure-no-cyclic-deps.just"
checksum = "sha256:f18592a5f312f3b9e487e603288abf1be45d7c3bc87839507bbc30a657160b4b"

[[file]]
path = "justfiles/anvil/checks/ensure-no-default-features.just"
checksum = "sha256:1bf9653c70334d489440291719552b3399667ad321687bf363698f1b8315ee40"

[[file]]
path = "justfiles/anvil/checks/examples.just"
checksum = "sha256:97a424294a499767c3f6aaa97bb05f2fdb59dd0b68153fd90efe0d0e327dcf09"

[[file]]
path = "justfiles/anvil/checks/external-types.just"
checksum = "sha256:df4ad96d78988daa8dfe18f1a15971a11e875aad046157d713fb7eabeacabbe7"

[[file]]
path = "justfiles/anvil/checks/fmt.just"
checksum = "sha256:f4a6387bfad979b6dfd67ce767eda58fbd0f26c3769ebed6c10ffe5c8c4878b5"

[[file]]
path = "justfiles/anvil/checks/license-headers.just"
checksum = "sha256:ad010668abfe7e811c25b947f92b1a25f8261948b43f579dfecdae7c8bfb88f6"

[[file]]
path = "justfiles/anvil/checks/llvm-cov.just"
checksum = "sha256:8f38500c38ef2c03a6cc817f31354976652587e90d78bb28f58faf7b9adf55b3"

[[file]]
path = "justfiles/anvil/checks/loom.just"
checksum = "sha256:5fedeb77a789e374f40cd3a2fbddd9263fc877749a24d00b382429d666ff028d"

[[file]]
path = "justfiles/anvil/checks/miri-race-coverage.just"
checksum = "sha256:98053e9d57f80051e6d4450fe9d8193ce7d48e89e0a37d8f5078e76a776d48e4"

[[file]]
path = "justfiles/anvil/checks/miri-strict-provenance.just"
checksum = "sha256:c25521628e616296cbc67c90568e5d15c3cdf82467a7602467016c7e887212b3"

[[file]]
path = "justfiles/anvil/checks/miri-tree-borrows.just"
checksum = "sha256:01d21312c8f90e459babc96e53771b486afad7a31ceb107a1ec100fb3033bc57"

[[file]]
path = "justfiles/anvil/checks/miri.just"
checksum = "sha256:8affbd0c79b70b07f7db5f0afeac19c343aba595e6dcf824ba553282d88c241a"

[[file]]
path = "justfiles/anvil/checks/mutants-diff.just"
checksum = "sha256:056b3d2a29039c89584b82efe36f655f19088eceb6f62e4b3213f2e534cb763c"

[[file]]
path = "justfiles/anvil/checks/mutants-full.just"
checksum = "sha256:cc4914341feb0625caa62addfe64e6964c06ca88d20fd5d07d129a363ad22dcc"

[[file]]
path = "justfiles/anvil/checks/pr-title.just"
checksum = "sha256:81c133f3339be449ab6e05813da7584f2ceeb94d30c69186eb41f91f224a1425"

[[file]]
path = "justfiles/anvil/checks/readme-check.just"
checksum = "sha256:37f674668e52845cfb5cf8d4d17212a479d00f3b1b5dc446462eaf2c24ae6d78"

[[file]]
path = "justfiles/anvil/checks/semver-check.just"
checksum = "sha256:d6ff8ea7ef4f4741613d4edc79fe9bb03cf7e779128e044923ce88407bbbd4d3"

[[file]]
path = "justfiles/anvil/checks/spellcheck.just"
checksum = "sha256:6b4d42937d6f5c593348a040e4a55856c3ab5d1b3432521ef473c8ccd12c82a4"

[[file]]
path = "justfiles/anvil/checks/udeps.just"
checksum = "sha256:6925f62bc18a68bec1423fb54d97161ffbfa96353c38356b76f35a0a260efa9b"

[[file]]
path = "justfiles/anvil/container/Containerfile"
checksum = "sha256:e12900ea70cd6cb2e69f477e16c50b408fcfed28f3f0e83628b3b29efc5b35dd"

[[file]]
path = "justfiles/anvil/container/Containerfile.dockerignore"
checksum = "sha256:6549675811852f77bb0f325df283e92bebd5fcf3905e3b18b9970866f493a251"

[[file]]
path = "justfiles/anvil/container/README.md"
checksum = "sha256:1da9c6825670958512ceb13b7f77725c9f73025594d018657b32cb0911c9389e"

[[file]]
path = "justfiles/anvil/container/container.just"
checksum = "sha256:46bbd8b5afb720519ca75b98ce2c8281d8b13e687189116c8eba5d5b9e287272"

[[file]]
path = "justfiles/anvil/container/entrypoint.sh"
checksum = "sha256:ae694eb90b8a3cdf24ae7d14c5b2df0b11471f52edf354ca9ff5ddab33a02c68"

[[file]]
path = "justfiles/anvil/container/image-id.ps1"
checksum = "sha256:3929e52cb138416f3573f5ced8b7c0f33add6414b39cdfa7c4bb1f8286790f37"

[[file]]
path = "justfiles/anvil/container/image-id.sh"
checksum = "sha256:90392a4a8c21c557f44fe6f9b6cfe6e9c81d6d641153cbbc78f9889f432a3de0"

[[file]]
path = "justfiles/anvil/container/run-in-container.ps1"
checksum = "sha256:f1713b07bc3cf9cf040908773452737236d924f1cad351e979fe88b224ffd999"

[[file]]
path = "justfiles/anvil/container/run-in-container.sh"
checksum = "sha256:3b5c7a28e34d1d298b650190cadeba9fb57e17e6586cb6ff854797932bd6c947"

[[file]]
path = "justfiles/anvil/groups/pr-fast.just"
checksum = "sha256:88630a7dc4c57faaa9c5a5de16bddb2b72ac80ceead3f36304f2ee8f5c292116"

[[file]]
path = "justfiles/anvil/groups/pr-mutants.just"
checksum = "sha256:7953c821d561d7eecc1280860ad75d545fefda712e28434d8b3d335c137e8849"

[[file]]
path = "justfiles/anvil/groups/pr-runtime-analysis.just"
checksum = "sha256:f54c3bd1905a1e6d72823505fb132dcd2f9acb8132aa2f2eabaea61a26902661"

[[file]]
path = "justfiles/anvil/groups/pr-slow.just"
checksum = "sha256:1ca8867bda2ef7f7213502e805a025b91742320eab09332e5b7f40589a3adfdb"

[[file]]
path = "justfiles/anvil/groups/pr-test.just"
checksum = "sha256:13b73ea394252fcd5ade2b893b6b479faa3c1f8b9b6f8aa057aa1488e112afa0"

[[file]]
path = "justfiles/anvil/groups/scheduled-advisories.just"
checksum = "sha256:e7f7b641c6d9f129c044be6da65acdc19c6b533f2ea5f5d9dc7aeb7e02366417"

[[file]]
path = "justfiles/anvil/groups/scheduled-exhaustive.just"
checksum = "sha256:a49bdb87608b3fc8682b59562f16ce8313747609cad9da191a950117f6a23897"

[[file]]
path = "justfiles/anvil/groups/scheduled-runtime-analysis.just"
checksum = "sha256:bd94f42ad3e92a22d3ed784eb84c82a4cc225eac4b167e6866dd4bdcec4e9db7"

[[file]]
path = "justfiles/anvil/groups/scheduled-test.just"
checksum = "sha256:8c7e0b97a5fbeec22d51a8e9ea2487c8b2974c568bb538ce305bc32a183381e9"

[[file]]
path = "justfiles/anvil/helpers.just"
checksum = "sha256:896b71aae705d403345c7e4bdacc767a00bb76c95bffae4c04b88a5483b22871"

[[file]]
path = "justfiles/anvil/impact.just"
checksum = "sha256:50130eca1c465edcc62fe148786fb700a24a1364b7e5b7e4fc19525a8d155bd2"

[[file]]
path = "justfiles/anvil/mod.just"
checksum = "sha256:fe542d4e04db6abbb068a74bd8cf51fa0d0c11da25e3652a30e07317a5c4267a"

[[file]]
path = "justfiles/anvil/runner.just"
checksum = "sha256:ae5c820181ababd0ed3d5746b7832bcf5ac15d97b8400c79f2196177b858fec8"

[[file]]
path = "justfiles/anvil/tiers.just"
checksum = "sha256:63eec9f10a8e369d2f7faeefae0fe979dfbb091861e6946b288fce4295ab887f"

[[file]]
path = "justfiles/anvil/tools.just"
checksum = "sha256:1c22f38c093e836c83e5ef4da35b04a1ff6a8a0d0355310f5605cf52bfb95cd7"

[[file]]
path = "justfiles/anvil/versions.just"
checksum = "sha256:403b9abf954d0f7479144d6890e1db36dfa1b199704741c7087b48355ea593ba"

[[region]]
host = ".delta.toml"
id = "anvil-delta"
checksum = "sha256:ef049abc4bba5e6dac7dfc07a4852d821de4682fe6ad46aace7ddfb2455cb597"

[[region]]
host = ".gitattributes"
id = "anvil-gitattributes"
checksum = "sha256:b91854c7f0e6d14c74751f607d2c0e3dfcefef55f5178bbafae59d47e577aa1a"

[[region]]
host = "Cargo.toml"
id = "anvil-workspace-lints"
checksum = "sha256:8257f8c96103501ef0af020ce686ffcd7333fa5704f701b33758468baa9cdd98"

[[region]]
host = "Justfile"
id = "anvil-imports"
checksum = "sha256:f8affd59b69c7083c2f3b6f593c63672116dda974c1e661dcb66a4412eb3eada"

[[region]]
host = "Justfile"
id = "anvil-runner"
checksum = "sha256:a31c6dd3fc8402e1e89fcf1948e03103e0dc66fbb988c34510eddeded5a67b0e"

[[region]]
host = "clippy.toml"
id = "anvil-clippy"
checksum = "sha256:aba0733632eac4cb54c4768db578fe1f7b7cfe730aa0d7dc13e2828c9062d67d"

[[region]]
host = "crates/automation/Cargo.toml"
id = "anvil-lints"
checksum = "sha256:2dd7c0f21339fd17092b8dedfe924aa86732c3520baab84f914c2d8f4103ac40"

[[region]]
host = "crates/cargo-anvil/Cargo.toml"
id = "anvil-lints"
checksum = "sha256:2dd7c0f21339fd17092b8dedfe924aa86732c3520baab84f914c2d8f4103ac40"

[[region]]
host = "crates/cargo-coverage-gate/Cargo.toml"
id = "anvil-lints"
checksum = "sha256:2dd7c0f21339fd17092b8dedfe924aa86732c3520baab84f914c2d8f4103ac40"

[[region]]
host = "crates/cargo-each/Cargo.toml"
id = "anvil-lints"
checksum = "sha256:2dd7c0f21339fd17092b8dedfe924aa86732c3520baab84f914c2d8f4103ac40"

[[region]]
host = "crates/cargo-heather/Cargo.toml"
id = "anvil-lints"
checksum = "sha256:2dd7c0f21339fd17092b8dedfe924aa86732c3520baab84f914c2d8f4103ac40"

[[region]]
host = "crates/cargo_ensure_no_cyclic_deps/Cargo.toml"
id = "anvil-lints"
checksum = "sha256:2dd7c0f21339fd17092b8dedfe924aa86732c3520baab84f914c2d8f4103ac40"

[[region]]
host = "deny.toml"
id = "anvil-deny-advisories"
checksum = "sha256:33c41d1b48567b929fc485915ba8465be2a0fc7186b321fcd55dda2330572b6b"

[[region]]
host = "deny.toml"
id = "anvil-deny-bans"
checksum = "sha256:bd5763f09562715dcdeaf0b5c11c24c8c4e214cc14f6d0ddfe13d30a7ea03880"

[[region]]
host = "deny.toml"
id = "anvil-deny-licenses"
checksum = "sha256:46d7144a403be402bceeabc48e2e0c3b9bd1738339712d4e90b04d6fdab5cabe"

[[region]]
host = "deny.toml"
id = "anvil-deny-sources"
checksum = "sha256:920e1e1fed8cf6ac2173cb489d19153d167e806d26fdb73c8b91b7ddf44d0815"

[[region]]
host = "rustfmt.toml"
id = "anvil-rustfmt"
checksum = "sha256:c21c68f3f9e46e8a958513e80ebce393d2e2ec8b90e2ded5416bca4215ffa8b7"

[[region]]
host = "spellcheck.toml"
id = "anvil-spellcheck"
checksum = "sha256:3d85d17a4e9a9a6770738b67d93a801375ffadd159e506eef81e5a9ffe1da0d7"
