version = 1
tool = "anvil"
tool_version = "0.8.0"
catalog_checksum = "sha256:629ce0e590e38c259fb3d910e702b5cca278b59c6779eef3a70671bb159426cf"

[[file]]
path = ".anvil/container/Dockerfile.dockerignore"
checksum = "sha256:3907b9d8d15211ef5adff9ac2bcd23023797ed7b9961a59e28324bb7666ec340"

[[file]]
path = ".github/actions/anvil-impact/action.yml"
checksum = "sha256:76be01852dc1f7e01905c4a8ad384ca57eefc15e2ed74c5c00f57dddefae9b6f"

[[file]]
path = ".github/actions/anvil-report-status/action.yml"
checksum = "sha256:9940d1947482150ac08fcb9b4150da99f5ae60642f4caeea137577ce0e709e08"

[[file]]
path = ".github/actions/anvil-run-group/action.yml"
checksum = "sha256:d564a0ce424cda58c8f5b2476cf0c8b36e759afbdf8227608bd1f3fc74913fdf"

[[file]]
path = ".github/actions/anvil-setup/action.yml"
checksum = "sha256:08bdc66a6ee94447aa1a60ece93c73fcbc930b7e331de85b2e9b78b5bc3d2e01"

[[file]]
path = ".github/actions/anvil-setup/just-problem-matcher.json"
checksum = "sha256:ea44d5e1a2cb1471cf2cef05eceab846d8afa45cf691be800f21fec1218da120"

[[file]]
path = ".github/instructions/cargo-anvil.instructions.md"
checksum = "sha256:cf59c434d6486248f6ebc16a450b88f64651969b7de6e904f14d383db1decfa5"

[[file]]
path = ".github/skills/cargo-anvil-adoption/SKILL.md"
checksum = "sha256:544f8753a539c1ca4172af6a7d68d49ab9350708f794384a189266500cee06d6"

[[file]]
path = ".github/skills/code-review/SKILL.md"
checksum = "sha256:7c43a36153ec346427892dca414fe971da616f99827fb5241167b1cf58a97b92"

[[file]]
path = ".github/workflows/anvil-pr-impl.yml"
checksum = "sha256:e4b87dea56bfa1ce12c2dc28eecf955f31c3be657f356552d6cf8d600d3ab783"

[[file]]
path = ".github/workflows/anvil-pr.yml"
checksum = "sha256:0c2530d9a38e6a74e0a7fd4f999b4a1790f97de30b58b68c6c2344600da196f2"

[[file]]
path = ".github/workflows/anvil-scheduled-impl.yml"
checksum = "sha256:5550d9e336bff247a92cbea1698b38dde7b0f97ae811928f23e023fd773e3652"

[[file]]
path = ".github/workflows/anvil-scheduled.yml"
checksum = "sha256:d4d3bd645a5586e9a1cc3a5fc27e38c93e59b1e29f83ede0ccd610273eec00f4"

[[file]]
path = "justfiles/anvil/checks/aprz.just"
checksum = "sha256:e10edbbe60358ec930241cd5d4e681a84f30f9d5278e652696e2f149e112d066"

[[file]]
path = "justfiles/anvil/checks/audit.just"
checksum = "sha256:ef33da620683628208b4c5ad51f96f5f6424fe1d56c2d0475487228b1f1aec23"

[[file]]
path = "justfiles/anvil/checks/bench.just"
checksum = "sha256:7f1a072c55eb97213b947f4f457bb0433881d8531381749982833c54e4cd548c"

[[file]]
path = "justfiles/anvil/checks/bolero.just"
checksum = "sha256:2fc7af6d93fb3fdf810f5df00b2e6819f13e2809feb18c76407a996cd1660d18"

[[file]]
path = "justfiles/anvil/checks/careful.just"
checksum = "sha256:baaa3c438887443b240f584b93e4dcb7406bce919ae35fc5ab29a531231b2c08"

[[file]]
path = "justfiles/anvil/checks/cargo-hack.just"
checksum = "sha256:c7448ed496b97ba11f046676e08562377242f22412be03b6f51d058461bd71a5"

[[file]]
path = "justfiles/anvil/checks/cargo-sort.just"
checksum = "sha256:79474817533bea5c9a7539058404d995a6231cf080a4ee1a7b5921130fd51aa8"

[[file]]
path = "justfiles/anvil/checks/clippy.just"
checksum = "sha256:32579c5f33f60f029513ddc09bf9657588724369ac5b43dcdfb6b86a6a0bbeb1"

[[file]]
path = "justfiles/anvil/checks/deny.just"
checksum = "sha256:c5604e8cb0eaa2baf4e2e2c70032d037d21873090375ffcf1ee99983965f6635"

[[file]]
path = "justfiles/anvil/checks/doc-build.just"
checksum = "sha256:77b2677bfe2c1f223b9302757165cff88066f7bbc866f338ddc4f2b24d144712"

[[file]]
path = "justfiles/anvil/checks/doc-test.just"
checksum = "sha256:b02381d3d8d33aece84557eecfa510a2be12b2d091c7726b4f63cbcc431eee88"

[[file]]
path = "justfiles/anvil/checks/ensure-no-cyclic-deps.just"
checksum = "sha256:fb70af53b1cb9797dabba172e657816aaedebcb68525793bdf02b52d862b02fe"

[[file]]
path = "justfiles/anvil/checks/ensure-no-default-features.just"
checksum = "sha256:df001306d8091f13eda00d2f9525c4594774e45f33ff71c39e2e62b15040f166"

[[file]]
path = "justfiles/anvil/checks/examples.just"
checksum = "sha256:c71e14c9131ad1d5ff1b6c40a74c86ebd2f2ea596101299c0bb2e2f2b475d021"

[[file]]
path = "justfiles/anvil/checks/external-types.just"
checksum = "sha256:13dcd1467250020d152e10a5b6c6766ffce971271042db175ea98a05b567bddb"

[[file]]
path = "justfiles/anvil/checks/fmt.just"
checksum = "sha256:693dc1dec0c0fad16a64d2014be8b7cee0dad1eb3b5bd6caffb485e94f261c1f"

[[file]]
path = "justfiles/anvil/checks/license-headers.just"
checksum = "sha256:7069b83328f81b280187e45df5f8240152e6bf9245035b7683673e22e2b944f3"

[[file]]
path = "justfiles/anvil/checks/llvm-cov.just"
checksum = "sha256:aa85a58ecfea4dabc1e691b75f55d2dca720955cc4bf1bc22d3b91dce1cf6ed0"

[[file]]
path = "justfiles/anvil/checks/loom.just"
checksum = "sha256:1632c1c880efa563aadba6757a2e72656bf950cdcec90a42871d4511ed097939"

[[file]]
path = "justfiles/anvil/checks/miri-race-coverage.just"
checksum = "sha256:99bfd7243f26146fd1f8af8ac8852ad40ba2612360cad51d977276cc7f3d1021"

[[file]]
path = "justfiles/anvil/checks/miri-strict-provenance.just"
checksum = "sha256:acd660722872015c112770ea245db61896cba905597c85416eb11c2e237fa89f"

[[file]]
path = "justfiles/anvil/checks/miri-tree-borrows.just"
checksum = "sha256:02bd9e2d3663d79d1debe009f3c58378d0c4a1c31d46e96cf61631c51509706c"

[[file]]
path = "justfiles/anvil/checks/miri.just"
checksum = "sha256:426643b1c2da2aa58a7104a41dc02665cfc89052ad7e67a1d9547b1544244e8d"

[[file]]
path = "justfiles/anvil/checks/msrv-test.just"
checksum = "sha256:a30d8196f459d678b41ff9203c0bc336f667062f67d7198ba82bc2b355d0e9b1"

[[file]]
path = "justfiles/anvil/checks/mutants-diff.just"
checksum = "sha256:567c1483d92a7ab5b5b6118f897f5e317157035acf8c0ac6412e95a05dc45bd2"

[[file]]
path = "justfiles/anvil/checks/mutants-full.just"
checksum = "sha256:604dfb6aa2742695ff638a7d2db6811a1bcbf27da73660027baacc86b2fe1509"

[[file]]
path = "justfiles/anvil/checks/pr-title.just"
checksum = "sha256:28734aa77526ca5c53d89a32c3e20ae6b42d2032c73ab6a1dbc9831f25cb0f76"

[[file]]
path = "justfiles/anvil/checks/readme-check.just"
checksum = "sha256:750354ba4528621f8fcf545fb6f5702a7cfe64526a83b5b98243ecb4d935f79e"

[[file]]
path = "justfiles/anvil/checks/semver-check.just"
checksum = "sha256:0de66fdd8d12dcb20fb89f664f14ef72e885f6b92d87b33ca93aaf700684727e"

[[file]]
path = "justfiles/anvil/checks/spellcheck.just"
checksum = "sha256:2b2063f7e494dba51f805534bce5235132be1eeabde3a118d42d87ce49d51fd6"

[[file]]
path = "justfiles/anvil/checks/udeps.just"
checksum = "sha256:7d267ab829af37e0b76eb4bffaf73fee78219fc0cd158ef1bb129003e6cee9ce"

[[file]]
path = "justfiles/anvil/container.just"
checksum = "sha256:68a83a014c29bb32db24d8be8140a8a86b829a96f30e5ca72d9b43e06764a5b1"

[[file]]
path = "justfiles/anvil/dev/build.just"
checksum = "sha256:0bb312ad114d180657faf4bff47e8ef874c59703acce10170a65d6deffc6c117"

[[file]]
path = "justfiles/anvil/groups/pr-fast.just"
checksum = "sha256:29a219b7d8b2eaa605b0444838f05ffc7538ab8bccc43d1613c555f7562a731f"

[[file]]
path = "justfiles/anvil/groups/pr-msrv.just"
checksum = "sha256:5c862a1c7775742377e75d6848650070d11e9ce3facd9ab304b03dbca1c4b1d2"

[[file]]
path = "justfiles/anvil/groups/pr-mutants.just"
checksum = "sha256:19a5fb032f680eee2d2e4eca56dece0ced80ac15bd2332b8135915d884f804a1"

[[file]]
path = "justfiles/anvil/groups/pr-runtime-analysis.just"
checksum = "sha256:9a94b6ae2d212f91d324e401ebdb2238805f3450d95d4d45df791d7f1679a1bd"

[[file]]
path = "justfiles/anvil/groups/pr-slow.just"
checksum = "sha256:c3281f2044494dcfcfa7544b022ce3d751444241d93d3e8f136669d72d102528"

[[file]]
path = "justfiles/anvil/groups/pr-test.just"
checksum = "sha256:ea96d29e261b454a585c0ba3dc7954a35d0c726e9e94f6bb7c82f15261531330"

[[file]]
path = "justfiles/anvil/groups/scheduled-advisories.just"
checksum = "sha256:4f9940bb54fd7cd1d622f3207f7c43f38f95232a370f7537b15546271d88805d"

[[file]]
path = "justfiles/anvil/groups/scheduled-exhaustive.just"
checksum = "sha256:0b9023c614ae400c30f7131fc939b318bf6ee2ba086b18d45491fa30691694e7"

[[file]]
path = "justfiles/anvil/groups/scheduled-runtime-analysis.just"
checksum = "sha256:51d43ac7399183467cb137f655fa0f1f0c6cf4980aab019dc5898a40ad18259d"

[[file]]
path = "justfiles/anvil/groups/scheduled-test.just"
checksum = "sha256:04679222579a090769403f5aae7c9ffabbf5bd559ddb1f17b5a0655152172846"

[[file]]
path = "justfiles/anvil/helpers.just"
checksum = "sha256:c1859557980f733777253e9380d90ef710512fde1748f27795cd4985019986e1"

[[file]]
path = "justfiles/anvil/impact.just"
checksum = "sha256:5e8b96d77ccc17c7184a4be0f3c1a1fbf2a525b43d2dd49cf48a011a4a867df7"

[[file]]
path = "justfiles/anvil/mod.just"
checksum = "sha256:43d04edd4067ab7c76472d020e46caa5a406d25a11e45007ed865626f6a049eb"

[[file]]
path = "justfiles/anvil/tiers.just"
checksum = "sha256:00453a12cbb34811ee6a2c083dade5f6198575e3b0610f49e4743366326cdd18"

[[file]]
path = "justfiles/anvil/tools.just"
checksum = "sha256:a4dcb0de11f57187f88cc1c27e0263391a74b53b09ccd27428f0d07c022bd524"

[[file]]
path = "justfiles/anvil/versions.just"
checksum = "sha256:ae6676fb883aa58adb0995384adef477957ad7df10fc43439517cfb617fd92d1"

[[region]]
host = ".anvil/container/Dockerfile"
id = "anvil-container-base"
checksum = "sha256:734e21d8ae8ce8c0a00f54a36a3a9f15a02b52eff11c27f3de4f7cd60bb95449"

[[region]]
host = ".anvil/container/Dockerfile"
id = "anvil-container-base-image"
checksum = "sha256:64fa253bd48baecd440ae02cb13d2626e17be6e2bb0e1b19e3345baeade04abb"

[[region]]
host = ".anvil/container/Dockerfile"
id = "anvil-container-entry"
checksum = "sha256:7b409a9b560c214e10b50f74330fb6f8c0c12c3d83494e0dcf016f2411b50365"

[[region]]
host = ".anvil/container/Dockerfile"
id = "anvil-container-setup"
checksum = "sha256:6a516c50a5a717a2b7635e043f2cc33fd872bdf5950a456718518b1af0bf75f9"

[[region]]
host = ".anvil/container/Dockerfile"
id = "anvil-container-tools"
checksum = "sha256:ba7456ca88da39f72024dd0616e56d49d1aef7a5d26b81a8b33efccb13321379"

[[region]]
host = ".delta.toml"
id = "anvil-delta"
checksum = "sha256:b66778758af55d0f76edfd9e92e65426d203e1c248bca7668716b63161b79320"

[[region]]
host = ".gitattributes"
id = "anvil-gitattributes"
checksum = "sha256:b91854c7f0e6d14c74751f607d2c0e3dfcefef55f5178bbafae59d47e577aa1a"

[[region]]
host = "Cargo.toml"
id = "anvil-workspace-lints"
checksum = "sha256:8257f8c96103501ef0af020ce686ffcd7333fa5704f701b33758468baa9cdd98"

[[region]]
host = "Justfile"
id = "anvil-imports"
checksum = "sha256:f8affd59b69c7083c2f3b6f593c63672116dda974c1e661dcb66a4412eb3eada"

[[region]]
host = "clippy.toml"
id = "anvil-clippy"
checksum = "sha256:aba0733632eac4cb54c4768db578fe1f7b7cfe730aa0d7dc13e2828c9062d67d"

[[region]]
host = "crates/automation/Cargo.toml"
id = "anvil-lints"
checksum = "sha256:2dd7c0f21339fd17092b8dedfe924aa86732c3520baab84f914c2d8f4103ac40"

[[region]]
host = "crates/cargo-anvil/Cargo.toml"
id = "anvil-lints"
checksum = "sha256:2dd7c0f21339fd17092b8dedfe924aa86732c3520baab84f914c2d8f4103ac40"

[[region]]
host = "crates/cargo-aprz-lib/Cargo.toml"
id = "anvil-lints"
checksum = "sha256:2dd7c0f21339fd17092b8dedfe924aa86732c3520baab84f914c2d8f4103ac40"

[[region]]
host = "crates/cargo-aprz/Cargo.toml"
id = "anvil-lints"
checksum = "sha256:2dd7c0f21339fd17092b8dedfe924aa86732c3520baab84f914c2d8f4103ac40"

[[region]]
host = "crates/cargo-coverage-gate/Cargo.toml"
id = "anvil-lints"
checksum = "sha256:2dd7c0f21339fd17092b8dedfe924aa86732c3520baab84f914c2d8f4103ac40"

[[region]]
host = "crates/cargo-each/Cargo.toml"
id = "anvil-lints"
checksum = "sha256:2dd7c0f21339fd17092b8dedfe924aa86732c3520baab84f914c2d8f4103ac40"

[[region]]
host = "crates/cargo-ensure-no-default-features/Cargo.toml"
id = "anvil-lints"
checksum = "sha256:2dd7c0f21339fd17092b8dedfe924aa86732c3520baab84f914c2d8f4103ac40"

[[region]]
host = "crates/cargo-gamma-attrs-impl/Cargo.toml"
id = "anvil-lints"
checksum = "sha256:2dd7c0f21339fd17092b8dedfe924aa86732c3520baab84f914c2d8f4103ac40"

[[region]]
host = "crates/cargo-gamma-attrs/Cargo.toml"
id = "anvil-lints"
checksum = "sha256:2dd7c0f21339fd17092b8dedfe924aa86732c3520baab84f914c2d8f4103ac40"

[[region]]
host = "crates/cargo-gamma-engine/Cargo.toml"
id = "anvil-lints"
checksum = "sha256:2dd7c0f21339fd17092b8dedfe924aa86732c3520baab84f914c2d8f4103ac40"

[[region]]
host = "crates/cargo-gamma-lib/Cargo.toml"
id = "anvil-lints"
checksum = "sha256:2dd7c0f21339fd17092b8dedfe924aa86732c3520baab84f914c2d8f4103ac40"

[[region]]
host = "crates/cargo-gamma-process/Cargo.toml"
id = "anvil-lints"
checksum = "sha256:2dd7c0f21339fd17092b8dedfe924aa86732c3520baab84f914c2d8f4103ac40"

[[region]]
host = "crates/cargo-gamma-rt/Cargo.toml"
id = "anvil-lints"
checksum = "sha256:2dd7c0f21339fd17092b8dedfe924aa86732c3520baab84f914c2d8f4103ac40"

[[region]]
host = "crates/cargo-gamma-unsafe/Cargo.toml"
id = "anvil-lints"
checksum = "sha256:2dd7c0f21339fd17092b8dedfe924aa86732c3520baab84f914c2d8f4103ac40"

[[region]]
host = "crates/cargo-gamma/Cargo.toml"
id = "anvil-lints"
checksum = "sha256:2dd7c0f21339fd17092b8dedfe924aa86732c3520baab84f914c2d8f4103ac40"

[[region]]
host = "crates/cargo-heather/Cargo.toml"
id = "anvil-lints"
checksum = "sha256:2dd7c0f21339fd17092b8dedfe924aa86732c3520baab84f914c2d8f4103ac40"

[[region]]
host = "crates/cargo_ensure_no_cyclic_deps/Cargo.toml"
id = "anvil-lints"
checksum = "sha256:2dd7c0f21339fd17092b8dedfe924aa86732c3520baab84f914c2d8f4103ac40"

[[region]]
host = "deny.toml"
id = "anvil-deny-advisories"
checksum = "sha256:33c41d1b48567b929fc485915ba8465be2a0fc7186b321fcd55dda2330572b6b"

[[region]]
host = "deny.toml"
id = "anvil-deny-bans"
checksum = "sha256:3d1fae3bd4be3e549900528b40d2bff38ac1539a6b4647f18ba46a440350e199"

[[region]]
host = "deny.toml"
id = "anvil-deny-licenses"
checksum = "sha256:46d7144a403be402bceeabc48e2e0c3b9bd1738339712d4e90b04d6fdab5cabe"

[[region]]
host = "deny.toml"
id = "anvil-deny-sources"
checksum = "sha256:920e1e1fed8cf6ac2173cb489d19153d167e806d26fdb73c8b91b7ddf44d0815"

[[region]]
host = "rustfmt.toml"
id = "anvil-rustfmt"
checksum = "sha256:c21c68f3f9e46e8a958513e80ebce393d2e2ec8b90e2ded5416bca4215ffa8b7"

[[region]]
host = "spellcheck.toml"
id = "anvil-spellcheck"
checksum = "sha256:3d85d17a4e9a9a6770738b67d93a801375ffadd159e506eef81e5a9ffe1da0d7"
