version = 1
tool = "anvil"
tool_version = "0.9.0"
catalog_checksum = "sha256:d040cbe805231f665219b7bf9130f6e84952429d77077306b689cac5a44bebee"

[[file]]
path = ".anvil/container/Dockerfile.dockerignore"
checksum = "sha256:3907b9d8d15211ef5adff9ac2bcd23023797ed7b9961a59e28324bb7666ec340"

[[file]]
path = ".github/actions/anvil-impact/action.yml"
checksum = "sha256:76be01852dc1f7e01905c4a8ad384ca57eefc15e2ed74c5c00f57dddefae9b6f"

[[file]]
path = ".github/actions/anvil-report-status/action.yml"
checksum = "sha256:9940d1947482150ac08fcb9b4150da99f5ae60642f4caeea137577ce0e709e08"

[[file]]
path = ".github/actions/anvil-run-group/action.yml"
checksum = "sha256:d564a0ce424cda58c8f5b2476cf0c8b36e759afbdf8227608bd1f3fc74913fdf"

[[file]]
path = ".github/actions/anvil-setup/action.yml"
checksum = "sha256:08bdc66a6ee94447aa1a60ece93c73fcbc930b7e331de85b2e9b78b5bc3d2e01"

[[file]]
path = ".github/actions/anvil-setup/just-problem-matcher.json"
checksum = "sha256:ea44d5e1a2cb1471cf2cef05eceab846d8afa45cf691be800f21fec1218da120"

[[file]]
path = ".github/instructions/cargo-anvil.instructions.md"
checksum = "sha256:cf59c434d6486248f6ebc16a450b88f64651969b7de6e904f14d383db1decfa5"

[[file]]
path = ".github/skills/cargo-anvil-adoption/SKILL.md"
checksum = "sha256:544f8753a539c1ca4172af6a7d68d49ab9350708f794384a189266500cee06d6"

[[file]]
path = ".github/skills/code-review/SKILL.md"
checksum = "sha256:7c43a36153ec346427892dca414fe971da616f99827fb5241167b1cf58a97b92"

[[file]]
path = ".github/workflows/anvil-pr-impl.yml"
checksum = "sha256:e10f85f0fc5d91da5a3f59e3a56698bef12259b4698e0b1812b673e29f5a516b"

[[file]]
path = ".github/workflows/anvil-pr.yml"
checksum = "sha256:0a6ce7ee090e895911e38d1c03ce677bbfcfd03366cc575d0448789f35a980ed"

[[file]]
path = ".github/workflows/anvil-scheduled-impl.yml"
checksum = "sha256:5550d9e336bff247a92cbea1698b38dde7b0f97ae811928f23e023fd773e3652"

[[file]]
path = ".github/workflows/anvil-scheduled.yml"
checksum = "sha256:d4d3bd645a5586e9a1cc3a5fc27e38c93e59b1e29f83ede0ccd610273eec00f4"

[[file]]
path = "justfiles/anvil/checks/aprz.just"
checksum = "sha256:e10edbbe60358ec930241cd5d4e681a84f30f9d5278e652696e2f149e112d066"

[[file]]
path = "justfiles/anvil/checks/audit.just"
checksum = "sha256:ef33da620683628208b4c5ad51f96f5f6424fe1d56c2d0475487228b1f1aec23"

[[file]]
path = "justfiles/anvil/checks/bench.just"
checksum = "sha256:feb6517ed0292ee31b46055632a8c44478e9ebda9de7fbfe12df90872b17c1a2"

[[file]]
path = "justfiles/anvil/checks/bolero.just"
checksum = "sha256:2fc7af6d93fb3fdf810f5df00b2e6819f13e2809feb18c76407a996cd1660d18"

[[file]]
path = "justfiles/anvil/checks/careful.just"
checksum = "sha256:53e198af78715cf9d35cac8d027930d6ed120f68af1a97208ca754b5b43da112"

[[file]]
path = "justfiles/anvil/checks/cargo-hack.just"
checksum = "sha256:ce947dc5088f6949e75ca262f4f66aa0bc696b7459598236d0548ca8b664b282"

[[file]]
path = "justfiles/anvil/checks/cargo-sort.just"
checksum = "sha256:19374849efbc25e26a1546d0d387f8b70a19610cfbe1f498d5e8cb24a30974a2"

[[file]]
path = "justfiles/anvil/checks/clippy.just"
checksum = "sha256:2fc489bcb91dcedc33df103bf9ff6ab66d450118912a79cd8eb6463e4e8627a2"

[[file]]
path = "justfiles/anvil/checks/deny.just"
checksum = "sha256:c5604e8cb0eaa2baf4e2e2c70032d037d21873090375ffcf1ee99983965f6635"

[[file]]
path = "justfiles/anvil/checks/doc-build.just"
checksum = "sha256:bf5f507ae6e4a4be2b4a92db4a157b8dcdc8200127ccbd4934cab82929eebcdb"

[[file]]
path = "justfiles/anvil/checks/doc-test.just"
checksum = "sha256:529a8a4ecbeedb9f3cc4b1f56669e7b2cceb6a27a1c6205da70a5ef01139658f"

[[file]]
path = "justfiles/anvil/checks/ensure-no-cyclic-deps.just"
checksum = "sha256:1b3d636185a1c5ab23714222120bb519650a02093d9241519f7e1287296396e9"

[[file]]
path = "justfiles/anvil/checks/ensure-no-default-features.just"
checksum = "sha256:811b870646a096896ac150e703997c4890ee9f2bd7ba6d2229d0030ca60710db"

[[file]]
path = "justfiles/anvil/checks/examples.just"
checksum = "sha256:7f39f3d05d4e36360a2addb13a8ad63d4f5538cfca14a381d18d4a163fa01c7c"

[[file]]
path = "justfiles/anvil/checks/external-types.just"
checksum = "sha256:13dcd1467250020d152e10a5b6c6766ffce971271042db175ea98a05b567bddb"

[[file]]
path = "justfiles/anvil/checks/fmt.just"
checksum = "sha256:693dc1dec0c0fad16a64d2014be8b7cee0dad1eb3b5bd6caffb485e94f261c1f"

[[file]]
path = "justfiles/anvil/checks/license-headers.just"
checksum = "sha256:1391b8a6c6dc8be40189855243f4db7e60da4508b4f67bf7e45a3893b07721c6"

[[file]]
path = "justfiles/anvil/checks/llvm-cov.just"
checksum = "sha256:aa85a58ecfea4dabc1e691b75f55d2dca720955cc4bf1bc22d3b91dce1cf6ed0"

[[file]]
path = "justfiles/anvil/checks/loom.just"
checksum = "sha256:1632c1c880efa563aadba6757a2e72656bf950cdcec90a42871d4511ed097939"

[[file]]
path = "justfiles/anvil/checks/miri-race-coverage.just"
checksum = "sha256:5a34a763bba861d6b16d07c89d7a6ba5ef151510c50d7880502382bcf071714a"

[[file]]
path = "justfiles/anvil/checks/miri-strict-provenance.just"
checksum = "sha256:75dfdb2eb32ef4feaf3dd57df95dae2590707583dc4655a4b4f061f3654364d2"

[[file]]
path = "justfiles/anvil/checks/miri-tree-borrows.just"
checksum = "sha256:7cc5e188c927036d3e7b3b5a6ab64c52cd8102f3ab492909004fb2b114029403"

[[file]]
path = "justfiles/anvil/checks/miri.just"
checksum = "sha256:5d159c49ef87d59f6bb6c60a974be217366f1100a32aef65beb9b9123927ee7b"

[[file]]
path = "justfiles/anvil/checks/msrv-test.just"
checksum = "sha256:5eb711bf6c32ac1a45719e0bc9ce68dd01e0faae03ea4f8199f79c3c94360f87"

[[file]]
path = "justfiles/anvil/checks/mutants-diff.just"
checksum = "sha256:f3f8706f71165aa622ebdca741778d5fa21b7853e90c515f1ed1f049afe0455f"

[[file]]
path = "justfiles/anvil/checks/mutants-full.just"
checksum = "sha256:604dfb6aa2742695ff638a7d2db6811a1bcbf27da73660027baacc86b2fe1509"

[[file]]
path = "justfiles/anvil/checks/pr-title.just"
checksum = "sha256:28734aa77526ca5c53d89a32c3e20ae6b42d2032c73ab6a1dbc9831f25cb0f76"

[[file]]
path = "justfiles/anvil/checks/readme-check.just"
checksum = "sha256:750354ba4528621f8fcf545fb6f5702a7cfe64526a83b5b98243ecb4d935f79e"

[[file]]
path = "justfiles/anvil/checks/semver-check.just"
checksum = "sha256:0de66fdd8d12dcb20fb89f664f14ef72e885f6b92d87b33ca93aaf700684727e"

[[file]]
path = "justfiles/anvil/checks/spellcheck.just"
checksum = "sha256:2b2063f7e494dba51f805534bce5235132be1eeabde3a118d42d87ce49d51fd6"

[[file]]
path = "justfiles/anvil/checks/udeps.just"
checksum = "sha256:263c06f49223cf34d2d16e3ed1e79447e7d67299082430dc18ff2c18c2eb8a50"

[[file]]
path = "justfiles/anvil/container.just"
checksum = "sha256:68a83a014c29bb32db24d8be8140a8a86b829a96f30e5ca72d9b43e06764a5b1"

[[file]]
path = "justfiles/anvil/dev/build.just"
checksum = "sha256:0bb312ad114d180657faf4bff47e8ef874c59703acce10170a65d6deffc6c117"

[[file]]
path = "justfiles/anvil/groups/pr-fast.just"
checksum = "sha256:29a219b7d8b2eaa605b0444838f05ffc7538ab8bccc43d1613c555f7562a731f"

[[file]]
path = "justfiles/anvil/groups/pr-msrv.just"
checksum = "sha256:5c862a1c7775742377e75d6848650070d11e9ce3facd9ab304b03dbca1c4b1d2"

[[file]]
path = "justfiles/anvil/groups/pr-mutants.just"
checksum = "sha256:19a5fb032f680eee2d2e4eca56dece0ced80ac15bd2332b8135915d884f804a1"

[[file]]
path = "justfiles/anvil/groups/pr-runtime-analysis.just"
checksum = "sha256:9a94b6ae2d212f91d324e401ebdb2238805f3450d95d4d45df791d7f1679a1bd"

[[file]]
path = "justfiles/anvil/groups/pr-slow.just"
checksum = "sha256:c3281f2044494dcfcfa7544b022ce3d751444241d93d3e8f136669d72d102528"

[[file]]
path = "justfiles/anvil/groups/pr-test.just"
checksum = "sha256:ea96d29e261b454a585c0ba3dc7954a35d0c726e9e94f6bb7c82f15261531330"

[[file]]
path = "justfiles/anvil/groups/scheduled-advisories.just"
checksum = "sha256:4f9940bb54fd7cd1d622f3207f7c43f38f95232a370f7537b15546271d88805d"

[[file]]
path = "justfiles/anvil/groups/scheduled-exhaustive.just"
checksum = "sha256:0b9023c614ae400c30f7131fc939b318bf6ee2ba086b18d45491fa30691694e7"

[[file]]
path = "justfiles/anvil/groups/scheduled-runtime-analysis.just"
checksum = "sha256:51d43ac7399183467cb137f655fa0f1f0c6cf4980aab019dc5898a40ad18259d"

[[file]]
path = "justfiles/anvil/groups/scheduled-test.just"
checksum = "sha256:04679222579a090769403f5aae7c9ffabbf5bd559ddb1f17b5a0655152172846"

[[file]]
path = "justfiles/anvil/helpers.just"
checksum = "sha256:c1859557980f733777253e9380d90ef710512fde1748f27795cd4985019986e1"

[[file]]
path = "justfiles/anvil/impact.just"
checksum = "sha256:1db2909893e938b222661fed9cda1914386f17670de00851b63d45539c5697af"

[[file]]
path = "justfiles/anvil/mod.just"
checksum = "sha256:43d04edd4067ab7c76472d020e46caa5a406d25a11e45007ed865626f6a049eb"

[[file]]
path = "justfiles/anvil/tiers.just"
checksum = "sha256:00453a12cbb34811ee6a2c083dade5f6198575e3b0610f49e4743366326cdd18"

[[file]]
path = "justfiles/anvil/tools.just"
checksum = "sha256:77329a0cb72de82742e7f48b6c8c06874e13b5c1622dc8080ce003e0c5ece251"

[[file]]
path = "justfiles/anvil/versions.just"
checksum = "sha256:ae6676fb883aa58adb0995384adef477957ad7df10fc43439517cfb617fd92d1"

[[region]]
host = ".anvil/container/Dockerfile"
id = "anvil-container-base"
checksum = "sha256:734e21d8ae8ce8c0a00f54a36a3a9f15a02b52eff11c27f3de4f7cd60bb95449"

[[region]]
host = ".anvil/container/Dockerfile"
id = "anvil-container-base-image"
checksum = "sha256:64fa253bd48baecd440ae02cb13d2626e17be6e2bb0e1b19e3345baeade04abb"

[[region]]
host = ".anvil/container/Dockerfile"
id = "anvil-container-entry"
checksum = "sha256:7b409a9b560c214e10b50f74330fb6f8c0c12c3d83494e0dcf016f2411b50365"

[[region]]
host = ".anvil/container/Dockerfile"
id = "anvil-container-setup"
checksum = "sha256:6a516c50a5a717a2b7635e043f2cc33fd872bdf5950a456718518b1af0bf75f9"

[[region]]
host = ".anvil/container/Dockerfile"
id = "anvil-container-tools"
checksum = "sha256:ba7456ca88da39f72024dd0616e56d49d1aef7a5d26b81a8b33efccb13321379"

[[region]]
host = ".delta.toml"
id = "anvil-delta"
checksum = "sha256:b66778758af55d0f76edfd9e92e65426d203e1c248bca7668716b63161b79320"

[[region]]
host = ".gitattributes"
id = "anvil-gitattributes"
checksum = "sha256:b91854c7f0e6d14c74751f607d2c0e3dfcefef55f5178bbafae59d47e577aa1a"

[[region]]
host = "Cargo.toml"
id = "anvil-workspace-lints"
checksum = "sha256:8257f8c96103501ef0af020ce686ffcd7333fa5704f701b33758468baa9cdd98"

[[region]]
host = "Justfile"
id = "anvil-imports"
checksum = "sha256:f8affd59b69c7083c2f3b6f593c63672116dda974c1e661dcb66a4412eb3eada"

[[region]]
host = "clippy.toml"
id = "anvil-clippy"
checksum = "sha256:aba0733632eac4cb54c4768db578fe1f7b7cfe730aa0d7dc13e2828c9062d67d"

[[region]]
host = "crates/automation/Cargo.toml"
id = "anvil-lints"
checksum = "sha256:2dd7c0f21339fd17092b8dedfe924aa86732c3520baab84f914c2d8f4103ac40"

[[region]]
host = "crates/cargo-anvil/Cargo.toml"
id = "anvil-lints"
checksum = "sha256:2dd7c0f21339fd17092b8dedfe924aa86732c3520baab84f914c2d8f4103ac40"

[[region]]
host = "crates/cargo-aprz-lib/Cargo.toml"
id = "anvil-lints"
checksum = "sha256:2dd7c0f21339fd17092b8dedfe924aa86732c3520baab84f914c2d8f4103ac40"

[[region]]
host = "crates/cargo-aprz/Cargo.toml"
id = "anvil-lints"
checksum = "sha256:2dd7c0f21339fd17092b8dedfe924aa86732c3520baab84f914c2d8f4103ac40"

[[region]]
host = "crates/cargo-coverage-gate/Cargo.toml"
id = "anvil-lints"
checksum = "sha256:2dd7c0f21339fd17092b8dedfe924aa86732c3520baab84f914c2d8f4103ac40"

[[region]]
host = "crates/cargo-each/Cargo.toml"
id = "anvil-lints"
checksum = "sha256:2dd7c0f21339fd17092b8dedfe924aa86732c3520baab84f914c2d8f4103ac40"

[[region]]
host = "crates/cargo-ensure-no-default-features/Cargo.toml"
id = "anvil-lints"
checksum = "sha256:2dd7c0f21339fd17092b8dedfe924aa86732c3520baab84f914c2d8f4103ac40"

[[region]]
host = "crates/cargo-gamma-attrs-impl/Cargo.toml"
id = "anvil-lints"
checksum = "sha256:2dd7c0f21339fd17092b8dedfe924aa86732c3520baab84f914c2d8f4103ac40"

[[region]]
host = "crates/cargo-gamma-attrs/Cargo.toml"
id = "anvil-lints"
checksum = "sha256:2dd7c0f21339fd17092b8dedfe924aa86732c3520baab84f914c2d8f4103ac40"

[[region]]
host = "crates/cargo-gamma-engine/Cargo.toml"
id = "anvil-lints"
checksum = "sha256:2dd7c0f21339fd17092b8dedfe924aa86732c3520baab84f914c2d8f4103ac40"

[[region]]
host = "crates/cargo-gamma-lib/Cargo.toml"
id = "anvil-lints"
checksum = "sha256:2dd7c0f21339fd17092b8dedfe924aa86732c3520baab84f914c2d8f4103ac40"

[[region]]
host = "crates/cargo-gamma-process/Cargo.toml"
id = "anvil-lints"
checksum = "sha256:2dd7c0f21339fd17092b8dedfe924aa86732c3520baab84f914c2d8f4103ac40"

[[region]]
host = "crates/cargo-gamma-rt/Cargo.toml"
id = "anvil-lints"
checksum = "sha256:2dd7c0f21339fd17092b8dedfe924aa86732c3520baab84f914c2d8f4103ac40"

[[region]]
host = "crates/cargo-gamma-unsafe/Cargo.toml"
id = "anvil-lints"
checksum = "sha256:2dd7c0f21339fd17092b8dedfe924aa86732c3520baab84f914c2d8f4103ac40"

[[region]]
host = "crates/cargo-gamma/Cargo.toml"
id = "anvil-lints"
checksum = "sha256:2dd7c0f21339fd17092b8dedfe924aa86732c3520baab84f914c2d8f4103ac40"

[[region]]
host = "crates/cargo-heather/Cargo.toml"
id = "anvil-lints"
checksum = "sha256:2dd7c0f21339fd17092b8dedfe924aa86732c3520baab84f914c2d8f4103ac40"

[[region]]
host = "crates/cargo_ensure_no_cyclic_deps/Cargo.toml"
id = "anvil-lints"
checksum = "sha256:2dd7c0f21339fd17092b8dedfe924aa86732c3520baab84f914c2d8f4103ac40"

[[region]]
host = "deny.toml"
id = "anvil-deny-advisories"
checksum = "sha256:33c41d1b48567b929fc485915ba8465be2a0fc7186b321fcd55dda2330572b6b"

[[region]]
host = "deny.toml"
id = "anvil-deny-bans"
checksum = "sha256:3d1fae3bd4be3e549900528b40d2bff38ac1539a6b4647f18ba46a440350e199"

[[region]]
host = "deny.toml"
id = "anvil-deny-licenses"
checksum = "sha256:46d7144a403be402bceeabc48e2e0c3b9bd1738339712d4e90b04d6fdab5cabe"

[[region]]
host = "deny.toml"
id = "anvil-deny-sources"
checksum = "sha256:920e1e1fed8cf6ac2173cb489d19153d167e806d26fdb73c8b91b7ddf44d0815"

[[region]]
host = "rustfmt.toml"
id = "anvil-rustfmt"
checksum = "sha256:c21c68f3f9e46e8a958513e80ebce393d2e2ec8b90e2ded5416bca4215ffa8b7"

[[region]]
host = "spellcheck.toml"
id = "anvil-spellcheck"
checksum = "sha256:3d85d17a4e9a9a6770738b67d93a801375ffadd159e506eef81e5a9ffe1da0d7"
