version = 1
rendered_by = "cargo-ox-check-update 0.1.0"

[[file]]
path = ".github/actions/ox-check-impact/action.yml"
checksum = "sha256:d96ed1e71661ce5ad832f5f7bd5ff3675d9de7794959564b7b64afbe50af8cfe"

[[file]]
path = ".github/actions/ox-check-pr-fast/action.yml"
checksum = "sha256:680ad4ae4656abc3a34250b7bf84b63c1d48f90999bb9c4cec5c17ec711e221e"

[[file]]
path = ".github/actions/ox-check-pr-mutants/action.yml"
checksum = "sha256:e07fc6a486c64de9fd06be2557b3d6395e638cf00cf72461fff0399f6f954bdb"

[[file]]
path = ".github/actions/ox-check-pr-runtime-analysis/action.yml"
checksum = "sha256:8be13d7af9f658ca64d7c1a581238bd6b714e62196e081485038ad0cbc91ad99"

[[file]]
path = ".github/actions/ox-check-pr-test/action.yml"
checksum = "sha256:21a19cf5cc527f755ec04f6d4543ae28614512daddc01494abe47c7712070f57"

[[file]]
path = ".github/actions/ox-check-scheduled-advisories/action.yml"
checksum = "sha256:f75452c4b35af87992de76db356fda8142f5b3881db137892ebffb8466c5f443"

[[file]]
path = ".github/actions/ox-check-scheduled-exhaustive/action.yml"
checksum = "sha256:d2319372ab61ca79d2b69f4820eee686792b04d0d8c611325af36ec581ab688d"

[[file]]
path = ".github/actions/ox-check-scheduled-test/action.yml"
checksum = "sha256:e783bad1dbac090e6271770d924e2ab524c07514079e0623236c90e93f1a1a10"

[[file]]
path = ".github/actions/ox-check-setup/action.yml"
checksum = "sha256:9ec84313b479855a7d6299fe2c1e3203034074156c3f60887bf360b0d3b18adb"

[[file]]
path = ".github/workflows/ox-check-pr-impl.yml"
checksum = "sha256:48fd684314008c0569b3f0aa2968ee06e3ea891d937fddd32bea54d6dfa49792"

[[file]]
path = ".github/workflows/ox-check-pr.yml"
checksum = "sha256:a644a484957c7e08ebe9d427a1c2dd3557b8a805f930f16f96af94b75496f7a2"

[[file]]
path = ".github/workflows/ox-check-scheduled-impl.yml"
checksum = "sha256:9aa8b67010baa4c425f7cedab1a93cea977770d35e7479159667ed29c02d4cc7"

[[file]]
path = ".github/workflows/ox-check-scheduled.yml"
checksum = "sha256:9e7661b9a2657f6e0831fe2278bdcf4b0dcf7125af438920b7fd8c25938cffee"

[[file]]
path = "justfiles/ox-check/checks.just"
checksum = "sha256:29d05e66ab0679736ce143c6b941591956c4943d791410832c0a46ba32f7c358"

[[file]]
path = "justfiles/ox-check/groups.just"
checksum = "sha256:70aca33d08b98f4d88e7e073b39809ee5da0b45fe2685703700f8b74f734dd75"

[[file]]
path = "justfiles/ox-check/mod.just"
checksum = "sha256:befb62dc5aa89713e792da3d1e2641259860bc61400d7e1360f3fa135aee587b"

[[file]]
path = "justfiles/ox-check/tiers.just"
checksum = "sha256:b450ea324c804cefea27b8b5ac98ef0326c83fc485db0c09c14f60e3ea0c280c"

[[file]]
path = "justfiles/ox-check/tools.just"
checksum = "sha256:20bc3323fc897e5e970b347b5ccae1411c1d629cca4da62e612d995b94e3d1c5"

[[file]]
path = "justfiles/ox-check/versions.just"
checksum = "sha256:942a3230e71473497c1dd1f672cdc1d42af37494f73d58d745f5b5d5e4a3c893"

[[region]]
host = ".delta.toml"
id = "ox-check-delta"
checksum = "sha256:ef049abc4bba5e6dac7dfc07a4852d821de4682fe6ad46aace7ddfb2455cb597"

[[region]]
host = "Cargo.toml"
id = "ox-check-workspace-lints"
checksum = "sha256:7a175a8bcec4847ba3e8093b464556e62279bc7053d01c120aa6d3e9ff1ee294"

[[region]]
host = "Justfile"
id = "ox-check-imports"
checksum = "sha256:6ced9b1d085f58e73abcc28ba838b14414c4c338f8474322de05014639b367aa"

[[region]]
host = "clippy.toml"
id = "ox-check-clippy"
checksum = "sha256:aba0733632eac4cb54c4768db578fe1f7b7cfe730aa0d7dc13e2828c9062d67d"

[[region]]
host = "crates/automation/Cargo.toml"
id = "ox-check-lints"
checksum = "sha256:2dd7c0f21339fd17092b8dedfe924aa86732c3520baab84f914c2d8f4103ac40"

[[region]]
host = "crates/cargo-coverage-gate/Cargo.toml"
id = "ox-check-lints"
checksum = "sha256:2dd7c0f21339fd17092b8dedfe924aa86732c3520baab84f914c2d8f4103ac40"

[[region]]
host = "crates/cargo-heather/Cargo.toml"
id = "ox-check-lints"
checksum = "sha256:2dd7c0f21339fd17092b8dedfe924aa86732c3520baab84f914c2d8f4103ac40"

[[region]]
host = "crates/cargo-ox-check-update/Cargo.toml"
id = "ox-check-lints"
checksum = "sha256:2dd7c0f21339fd17092b8dedfe924aa86732c3520baab84f914c2d8f4103ac40"

[[region]]
host = "crates/cargo_ensure_no_cyclic_deps/Cargo.toml"
id = "ox-check-lints"
checksum = "sha256:2dd7c0f21339fd17092b8dedfe924aa86732c3520baab84f914c2d8f4103ac40"

[[region]]
host = "deny.toml"
id = "ox-check-deny"
checksum = "sha256:3d38154ac70567b4b6b39699e244040a1ed869471d3501f7147b5c3c9a748ade"

[[region]]
host = "rustfmt.toml"
id = "ox-check-rustfmt"
checksum = "sha256:d67fe13388a69380fdf7e53b80d309fd69a2c1cb39d92bb0d79a4a0a5dbf5433"

[[region]]
host = "spellcheck.toml"
id = "ox-check-spellcheck"
checksum = "sha256:d10e8444c8868b5b02c2db52cc50831f142ec789ea22024a6ad22ae6e2098d3e"
