version = 1
rendered_by = "cargo-ox-check 0.1.0"

[[file]]
path = ".github/actions/ox-check-impact/action.yml"
checksum = "sha256:3e2c2dece1e56a3a298087f6b275f9361b00c9a7657ac2fc8c042c19434103c8"

[[file]]
path = ".github/actions/ox-check-nightly-advisories/action.yml"
checksum = "sha256:3c82a2da3446563b952a7a86662eca45e9b10710cca3014d36d11ee1ea8a2183"

[[file]]
path = ".github/actions/ox-check-nightly-exhaustive/action.yml"
checksum = "sha256:6adaa4d7985779fc42582455fedc6b284a99fc95095b9fc20e45ab40856bd2e9"

[[file]]
path = ".github/actions/ox-check-nightly-runtime/action.yml"
checksum = "sha256:51bc3cc734a64bd7f7ea01daeacba5fa5572a5c42d26c82775dd4dbee1573067"

[[file]]
path = ".github/actions/ox-check-nightly-test/action.yml"
checksum = "sha256:2e18d115e4291bfc79e815c4f3addfccd13e0877983a56f483ba1e0722d06767"

[[file]]
path = ".github/actions/ox-check-pr-fast/action.yml"
checksum = "sha256:871b9bb87f18716e6c8e5552fb941009bd15dc1110f484fe639e554bfbc1ff97"

[[file]]
path = ".github/actions/ox-check-pr-mutants/action.yml"
checksum = "sha256:9307e4cddce123f500023f6114e9a85fb83d7059b6eca7772d77b48241b925fd"

[[file]]
path = ".github/actions/ox-check-pr-test/action.yml"
checksum = "sha256:4fe2251d5ca54cdf5bcb31444ac4af380c834c910736d4a8b38f80c03ac57a5d"

[[file]]
path = ".github/actions/ox-check-setup/action.yml"
checksum = "sha256:f773aaeb8401dda5adce94e1bec5c151703b88023431ceb726d357ba0b0d76ee"

[[file]]
path = ".github/workflows/ox-check-nightly-impl.yml"
checksum = "sha256:28b80216ae1ce124d8f11a3879983079cf9491ca4dc83b98ab429b4164607696"

[[file]]
path = ".github/workflows/ox-check-nightly.yml"
checksum = "sha256:88086ff455f4471351e9cf94c4d8c501fc5a827de955afe9e97364c1fba0e86e"

[[file]]
path = ".github/workflows/ox-check-pr-impl.yml"
checksum = "sha256:a62ef58b9ad2885dbb56cff94f40f9cc3a82a5c1d8f6ab85e533b85bfdaa6476"

[[file]]
path = ".github/workflows/ox-check-pr.yml"
checksum = "sha256:5ea0bea66f0223df032382056e12c88afb0481138c56898b95837fc767e30cd3"

[[file]]
path = "justfiles/ox-check/checks.just"
checksum = "sha256:8cd4d63d0a6acb6a5bc48f820f25fb35d74058136286dfc66877bf0976932a93"

[[file]]
path = "justfiles/ox-check/groups.just"
checksum = "sha256:6039f2514da4b061832cbb5ccbf9f435be1cffce16e5e85c40aa573b84c1aa4b"

[[file]]
path = "justfiles/ox-check/mod.just"
checksum = "sha256:dc94ff109f5a406f47f72380cc562fb4bc29368d8ccad78f0ec6173ada4a8b20"

[[file]]
path = "justfiles/ox-check/tiers.just"
checksum = "sha256:46518b2d3fd367c300b44d2b4699437b40c81134b608aa792466641567cfaf0b"

[[file]]
path = "justfiles/ox-check/tool-minimums.txt"
checksum = "sha256:8b841b8ad787927621e2591af3c376c7e205e3014f86fd486436ec6ec3cab544"

[[file]]
path = "justfiles/ox-check/tools.just"
checksum = "sha256:2cb6c8ea9e668fd87fd5f90a7e3c0db3261ec53d525f61addf04dc684985533b"

[[region]]
host = ".delta.toml"
id = "ox-check-delta"
checksum = "sha256:ef049abc4bba5e6dac7dfc07a4852d821de4682fe6ad46aace7ddfb2455cb597"

[[region]]
host = "Cargo.toml"
id = "ox-check-workspace-lints"
checksum = "sha256:555535ebbddc1399a8488fce724969357e37cdf370827b89cdeff45623d3713c"

[[region]]
host = "Justfile"
id = "ox-check-imports"
checksum = "sha256:6ced9b1d085f58e73abcc28ba838b14414c4c338f8474322de05014639b367aa"

[[region]]
host = "crates/automation/Cargo.toml"
id = "ox-check-lints"
checksum = "sha256:2dd7c0f21339fd17092b8dedfe924aa86732c3520baab84f914c2d8f4103ac40"

[[region]]
host = "crates/cargo_ensure_no_cyclic_deps/Cargo.toml"
id = "ox-check-lints"
checksum = "sha256:2dd7c0f21339fd17092b8dedfe924aa86732c3520baab84f914c2d8f4103ac40"

[[region]]
host = "crates/cargo_heather/Cargo.toml"
id = "ox-check-lints"
checksum = "sha256:2dd7c0f21339fd17092b8dedfe924aa86732c3520baab84f914c2d8f4103ac40"

[[region]]
host = "crates/cargo_ox_check/Cargo.toml"
id = "ox-check-lints"
checksum = "sha256:2dd7c0f21339fd17092b8dedfe924aa86732c3520baab84f914c2d8f4103ac40"

[[region]]
host = "deny.toml"
id = "ox-check-deny"
checksum = "sha256:3d38154ac70567b4b6b39699e244040a1ed869471d3501f7147b5c3c9a748ade"

[[region]]
host = "rustfmt.toml"
id = "ox-check-rustfmt"
checksum = "sha256:4052419861d11d4f113db0b13252871781c5edd4e3a2ca8596cb54450244be6d"
