# This file is automatically @generated by Cargo.
# It is not intended for manual editing.
version = 4

[[package]]
name = "adler2"
version = "2.0.1"

[[package]]
name = "itoa"
version = "1.0.17"

[[package]]
name = "miniz_oxide"
version = "0.8.9"
dependencies = [
 "adler2",
]

[[package]]
name = "once_cell"
version = "1.21.3"

[[package]]
name = "tiny-crate"
version = "0.1.0"
dependencies = [
 "itoa",
 "miniz_oxide",
 "once_cell",
]
